
Microsoft Visual Studio Solution File, Format Version 12.00
# Visual Studio Version 17
VisualStudioVersion = 17.3.32901.215
MinimumVisualStudioVersion = 10.0.40219.1
Project("{FAE04EC0-301F-11D3-BF4B-00C04F79EFBC}") = "ASAP Project", "ASAP Project\ASAP Project.csproj", "{7D90DD64-3F39-4D67-B3F1-B484609B2BFE}"
EndProject
Global
	GlobalSection(SolutionConfigurationPlatforms) = preSolution
		Debug|Any CPU = Debug|Any CPU
		Release|Any CPU = Release|Any CPU
	EndGlobalSection
	GlobalSection(ProjectConfigurationPlatforms) = postSolution
		{7D90DD64-3F39-4D67-B3F1-B484609B2BFE}.Debug|Any CPU.ActiveCfg = Debug|Any CPU
		{7D90DD64-3F39-4D67-B3F1-B484609B2BFE}.Debug|Any CPU.Build.0 = Debug|Any CPU
		{7D90DD64-3F39-4D67-B3F1-B484609B2BFE}.Release|Any CPU.ActiveCfg = Release|Any CPU
		{7D90DD64-3F39-4D67-B3F1-B484609B2BFE}.Release|Any CPU.Build.0 = Release|Any CPU
	EndGlobalSection
	GlobalSection(SolutionProperties) = preSolution
		HideSolutionNode = FALSE
	EndGlobalSection
	GlobalSection(ExtensibilityGlobals) = postSolution
		SolutionGuid = {03799A0D-4CCC-4833-B59C-93C06D6F9DE8}
	EndGlobalSection
EndGlobal
